
Microsoft Visual Studio Solution File, Format Version 12.00
# Visual Studio Version 16
VisualStudioVersion = 16.0.29613.14
MinimumVisualStudioVersion = 10.0.40219.1
Project("{FAE04EC0-301F-11D3-BF4B-00C04F79EFBC}") = "Contact", "..\..\..\..\source\repos\MVC_GerenciadorDeConteudo\WindowsFormsApp1\Contact.csproj", "{C98416FC-11F3-4D49-9B41-3F1722EDFFBC}"
EndProject
Project("{2150E333-8FDC-42A3-9474-1A3956D46DE8}") = "Cap2", "Cap2", "{6AE0B95F-1A96-4309-86C7-12848441934F}"
EndProject
Project("{2150E333-8FDC-42A3-9474-1A3956D46DE8}") = "Cap1", "Cap1", "{63F194E3-6D89-48A7-ADA5-A5F0040E42D6}"
EndProject
Project("{FAE04EC0-301F-11D3-BF4B-00C04F79EFBC}") = "LacosVarCap2", "LacosVarCap2\LacosVarCap2.csproj", "{DDC9F5AC-D811-456B-9725-F55151D1C83B}"
EndProject
Project("{FAE04EC0-301F-11D3-BF4B-00C04F79EFBC}") = "Cap2_Ex", "Cap2_Ex\Cap2_Ex.csproj", "{6409C320-512D-445A-88AD-EE900CEE077E}"
EndProject
Project("{FAE04EC0-301F-11D3-BF4B-00C04F79EFBC}") = "FlashThing", "FlashThing\FlashThing.csproj", "{20E1E3AA-2A70-4924-B1CB-1B9220AE9925}"
EndProject
Project("{2150E333-8FDC-42A3-9474-1A3956D46DE8}") = "Cap3", "Cap3", "{1B36157E-889C-4A7F-B721-159EC8112890}"
EndProject
Project("{FAE04EC0-301F-11D3-BF4B-00C04F79EFBC}") = "Talker", "Talker\Talker.csproj", "{7294D983-CC69-4EAA-9323-73AD0207BFBE}"
EndProject
Project("{FAE04EC0-301F-11D3-BF4B-00C04F79EFBC}") = "OO_OrganizeNavigator", "OO_OrganizeNavigator\OO_OrganizeNavigator.csproj", "{11F1FF26-D7E5-4ADB-AB23-BB0AD81F5F5A}"
EndProject
Project("{FAE04EC0-301F-11D3-BF4B-00C04F79EFBC}") = "GiveTakeCashGuy.O.O", "GiveTakeCashGuy.O.O\GiveTakeCashGuy.O.O.csproj", "{502A261A-2EC4-4A7D-A251-5088FD2066CA}"
EndProject
Project("{2150E333-8FDC-42A3-9474-1A3956D46DE8}") = "Cap4", "Cap4", "{CAD23C29-ACDB-4FC8-B058-333625F66575}"
EndProject
Project("{FAE04EC0-301F-11D3-BF4B-00C04F79EFBC}") = "CalculadorDeQuilometragem", "CalculadorDeQuilometragem\CalculadorDeQuilometragem.csproj", "{40DCAA94-51EE-4F3A-9846-34F266F4D149}"
EndProject
Project("{FAE04EC0-301F-11D3-BF4B-00C04F79EFBC}") = "BigEars", "BigEars\BigEars.csproj", "{51C33728-CADB-4F9C-8340-70800A666182}"
EndProject
Project("{FAE04EC0-301F-11D3-BF4B-00C04F79EFBC}") = "CatarinaFestas", "CatarinaFestas\CatarinaFestas.csproj", "{FF782D7B-7B8F-482E-BB9D-227E8BF51E21}"
EndProject
Project("{2150E333-8FDC-42A3-9474-1A3956D46DE8}") = "Cap5", "Cap5", "{1921ABDE-DFA3-4580-88C6-F1E9A3D8015F}"
EndProject
Project("{FAE04EC0-301F-11D3-BF4B-00C04F79EFBC}") = "Farmer", "Farmer\Farmer.csproj", "{0C801E54-ACB4-4808-B06D-2DC4CEA8FC6E}"
EndProject
Global
	GlobalSection(SolutionConfigurationPlatforms) = preSolution
		Debug|Any CPU = Debug|Any CPU
		Release|Any CPU = Release|Any CPU
	EndGlobalSection
	GlobalSection(ProjectConfigurationPlatforms) = postSolution
		{C98416FC-11F3-4D49-9B41-3F1722EDFFBC}.Debug|Any CPU.ActiveCfg = Debug|Any CPU
		{C98416FC-11F3-4D49-9B41-3F1722EDFFBC}.Debug|Any CPU.Build.0 = Debug|Any CPU
		{C98416FC-11F3-4D49-9B41-3F1722EDFFBC}.Release|Any CPU.ActiveCfg = Release|Any CPU
		{C98416FC-11F3-4D49-9B41-3F1722EDFFBC}.Release|Any CPU.Build.0 = Release|Any CPU
		{DDC9F5AC-D811-456B-9725-F55151D1C83B}.Debug|Any CPU.ActiveCfg = Debug|Any CPU
		{DDC9F5AC-D811-456B-9725-F55151D1C83B}.Debug|Any CPU.Build.0 = Debug|Any CPU
		{DDC9F5AC-D811-456B-9725-F55151D1C83B}.Release|Any CPU.ActiveCfg = Release|Any CPU
		{DDC9F5AC-D811-456B-9725-F55151D1C83B}.Release|Any CPU.Build.0 = Release|Any CPU
		{6409C320-512D-445A-88AD-EE900CEE077E}.Debug|Any CPU.ActiveCfg = Debug|Any CPU
		{6409C320-512D-445A-88AD-EE900CEE077E}.Debug|Any CPU.Build.0 = Debug|Any CPU
		{6409C320-512D-445A-88AD-EE900CEE077E}.Release|Any CPU.ActiveCfg = Release|Any CPU
		{6409C320-512D-445A-88AD-EE900CEE077E}.Release|Any CPU.Build.0 = Release|Any CPU
		{20E1E3AA-2A70-4924-B1CB-1B9220AE9925}.Debug|Any CPU.ActiveCfg = Debug|Any CPU
		{20E1E3AA-2A70-4924-B1CB-1B9220AE9925}.Debug|Any CPU.Build.0 = Debug|Any CPU
		{20E1E3AA-2A70-4924-B1CB-1B9220AE9925}.Release|Any CPU.ActiveCfg = Release|Any CPU
		{20E1E3AA-2A70-4924-B1CB-1B9220AE9925}.Release|Any CPU.Build.0 = Release|Any CPU
		{7294D983-CC69-4EAA-9323-73AD0207BFBE}.Debug|Any CPU.ActiveCfg = Debug|Any CPU
		{7294D983-CC69-4EAA-9323-73AD0207BFBE}.Debug|Any CPU.Build.0 = Debug|Any CPU
		{7294D983-CC69-4EAA-9323-73AD0207BFBE}.Release|Any CPU.ActiveCfg = Release|Any CPU
		{7294D983-CC69-4EAA-9323-73AD0207BFBE}.Release|Any CPU.Build.0 = Release|Any CPU
		{11F1FF26-D7E5-4ADB-AB23-BB0AD81F5F5A}.Debug|Any CPU.ActiveCfg = Debug|Any CPU
		{11F1FF26-D7E5-4ADB-AB23-BB0AD81F5F5A}.Debug|Any CPU.Build.0 = Debug|Any CPU
		{11F1FF26-D7E5-4ADB-AB23-BB0AD81F5F5A}.Release|Any CPU.ActiveCfg = Release|Any CPU
		{11F1FF26-D7E5-4ADB-AB23-BB0AD81F5F5A}.Release|Any CPU.Build.0 = Release|Any CPU
		{502A261A-2EC4-4A7D-A251-5088FD2066CA}.Debug|Any CPU.ActiveCfg = Debug|Any CPU
		{502A261A-2EC4-4A7D-A251-5088FD2066CA}.Debug|Any CPU.Build.0 = Debug|Any CPU
		{502A261A-2EC4-4A7D-A251-5088FD2066CA}.Release|Any CPU.ActiveCfg = Release|Any CPU
		{502A261A-2EC4-4A7D-A251-5088FD2066CA}.Release|Any CPU.Build.0 = Release|Any CPU
		{40DCAA94-51EE-4F3A-9846-34F266F4D149}.Debug|Any CPU.ActiveCfg = Debug|Any CPU
		{40DCAA94-51EE-4F3A-9846-34F266F4D149}.Debug|Any CPU.Build.0 = Debug|Any CPU
		{40DCAA94-51EE-4F3A-9846-34F266F4D149}.Release|Any CPU.ActiveCfg = Release|Any CPU
		{40DCAA94-51EE-4F3A-9846-34F266F4D149}.Release|Any CPU.Build.0 = Release|Any CPU
		{51C33728-CADB-4F9C-8340-70800A666182}.Debug|Any CPU.ActiveCfg = Debug|Any CPU
		{51C33728-CADB-4F9C-8340-70800A666182}.Debug|Any CPU.Build.0 = Debug|Any CPU
		{51C33728-CADB-4F9C-8340-70800A666182}.Release|Any CPU.ActiveCfg = Release|Any CPU
		{51C33728-CADB-4F9C-8340-70800A666182}.Release|Any CPU.Build.0 = Release|Any CPU
		{FF782D7B-7B8F-482E-BB9D-227E8BF51E21}.Debug|Any CPU.ActiveCfg = Debug|Any CPU
		{FF782D7B-7B8F-482E-BB9D-227E8BF51E21}.Debug|Any CPU.Build.0 = Debug|Any CPU
		{FF782D7B-7B8F-482E-BB9D-227E8BF51E21}.Release|Any CPU.ActiveCfg = Release|Any CPU
		{FF782D7B-7B8F-482E-BB9D-227E8BF51E21}.Release|Any CPU.Build.0 = Release|Any CPU
		{0C801E54-ACB4-4808-B06D-2DC4CEA8FC6E}.Debug|Any CPU.ActiveCfg = Debug|Any CPU
		{0C801E54-ACB4-4808-B06D-2DC4CEA8FC6E}.Debug|Any CPU.Build.0 = Debug|Any CPU
		{0C801E54-ACB4-4808-B06D-2DC4CEA8FC6E}.Release|Any CPU.ActiveCfg = Release|Any CPU
		{0C801E54-ACB4-4808-B06D-2DC4CEA8FC6E}.Release|Any CPU.Build.0 = Release|Any CPU
	EndGlobalSection
	GlobalSection(SolutionProperties) = preSolution
		HideSolutionNode = FALSE
	EndGlobalSection
	GlobalSection(NestedProjects) = preSolution
		{C98416FC-11F3-4D49-9B41-3F1722EDFFBC} = {63F194E3-6D89-48A7-ADA5-A5F0040E42D6}
		{DDC9F5AC-D811-456B-9725-F55151D1C83B} = {6AE0B95F-1A96-4309-86C7-12848441934F}
		{6409C320-512D-445A-88AD-EE900CEE077E} = {6AE0B95F-1A96-4309-86C7-12848441934F}
		{20E1E3AA-2A70-4924-B1CB-1B9220AE9925} = {6AE0B95F-1A96-4309-86C7-12848441934F}
		{7294D983-CC69-4EAA-9323-73AD0207BFBE} = {1B36157E-889C-4A7F-B721-159EC8112890}
		{11F1FF26-D7E5-4ADB-AB23-BB0AD81F5F5A} = {1B36157E-889C-4A7F-B721-159EC8112890}
		{502A261A-2EC4-4A7D-A251-5088FD2066CA} = {1B36157E-889C-4A7F-B721-159EC8112890}
		{40DCAA94-51EE-4F3A-9846-34F266F4D149} = {CAD23C29-ACDB-4FC8-B058-333625F66575}
		{51C33728-CADB-4F9C-8340-70800A666182} = {CAD23C29-ACDB-4FC8-B058-333625F66575}
		{FF782D7B-7B8F-482E-BB9D-227E8BF51E21} = {CAD23C29-ACDB-4FC8-B058-333625F66575}
		{0C801E54-ACB4-4808-B06D-2DC4CEA8FC6E} = {1921ABDE-DFA3-4580-88C6-F1E9A3D8015F}
	EndGlobalSection
	GlobalSection(ExtensibilityGlobals) = postSolution
		SolutionGuid = {C8045260-B97C-432E-A1F4-22295F5BF228}
	EndGlobalSection
EndGlobal
